
Microsoft Visual Studio Solution File, Format Version 12.00
# Visual Studio Version 17
VisualStudioVersion = 17.0.31903.59
MinimumVisualStudioVersion = 10.0.40219.1
Project("{2150E333-8FDC-42A3-9474-1A3956D46DE8}") = "src", "src", "{827E0CD3-B72D-47B6-A68D-7590B98EB39B}"
EndProject
Project("{FAE04EC0-301F-11D3-BF4B-00C04F79EFBC}") = "ReadFlow.Api", "src\ReadFlow.Api\ReadFlow.Api.csproj", "{170C8928-5784-4B85-B847-D76EC1A181C8}"
EndProject
Project("{FAE04EC0-301F-11D3-BF4B-00C04F79EFBC}") = "ReadFlow.Domain", "src\ReadFlow.Domain\ReadFlow.Domain.csproj", "{0E6E4F1C-FC57-48C8-BF04-D22245691B1E}"
EndProject
Project("{FAE04EC0-301F-11D3-BF4B-00C04F79EFBC}") = "ReadFlow.Application", "src\ReadFlow.Application\ReadFlow.Application.csproj", "{05C92F17-4841-4C4E-8E20-89CAC80ECDDE}"
EndProject
Project("{FAE04EC0-301F-11D3-BF4B-00C04F79EFBC}") = "ReadFlow.Infrastructure", "src\ReadFlow.Infrastructure\ReadFlow.Infrastructure.csproj", "{DB641059-8F79-4EED-BEEE-30982EE64801}"
EndProject
Project("{FAE04EC0-301F-11D3-BF4B-00C04F79EFBC}") = "ReadFlow.Tests", "src\ReadFlow.Tests\ReadFlow.Tests.csproj", "{8362A85D-011F-489F-93C0-E982FA846D7C}"
EndProject
Project("{2150E333-8FDC-42A3-9474-1A3956D46DE8}") = "docs", "docs", "{02EA681E-C7D8-13C7-8484-4AC65E1B71E8}"
	ProjectSection(SolutionItems) = preProject
		api-walkthrough.md = api-walkthrough.md
	EndProjectSection
EndProject
Global
	GlobalSection(SolutionConfigurationPlatforms) = preSolution
		Debug|Any CPU = Debug|Any CPU
		Debug|x64 = Debug|x64
		Debug|x86 = Debug|x86
		Release|Any CPU = Release|Any CPU
		Release|x64 = Release|x64
		Release|x86 = Release|x86
	EndGlobalSection
	GlobalSection(ProjectConfigurationPlatforms) = postSolution
		{170C8928-5784-4B85-B847-D76EC1A181C8}.Debug|Any CPU.ActiveCfg = Debug|Any CPU
		{170C8928-5784-4B85-B847-D76EC1A181C8}.Debug|Any CPU.Build.0 = Debug|Any CPU
		{170C8928-5784-4B85-B847-D76EC1A181C8}.Debug|x64.ActiveCfg = Debug|Any CPU
		{170C8928-5784-4B85-B847-D76EC1A181C8}.Debug|x64.Build.0 = Debug|Any CPU
		{170C8928-5784-4B85-B847-D76EC1A181C8}.Debug|x86.ActiveCfg = Debug|Any CPU
		{170C8928-5784-4B85-B847-D76EC1A181C8}.Debug|x86.Build.0 = Debug|Any CPU
		{170C8928-5784-4B85-B847-D76EC1A181C8}.Release|Any CPU.ActiveCfg = Release|Any CPU
		{170C8928-5784-4B85-B847-D76EC1A181C8}.Release|Any CPU.Build.0 = Release|Any CPU
		{170C8928-5784-4B85-B847-D76EC1A181C8}.Release|x64.ActiveCfg = Release|Any CPU
		{170C8928-5784-4B85-B847-D76EC1A181C8}.Release|x64.Build.0 = Release|Any CPU
		{170C8928-5784-4B85-B847-D76EC1A181C8}.Release|x86.ActiveCfg = Release|Any CPU
		{170C8928-5784-4B85-B847-D76EC1A181C8}.Release|x86.Build.0 = Release|Any CPU
		{0E6E4F1C-FC57-48C8-BF04-D22245691B1E}.Debug|Any CPU.ActiveCfg = Debug|Any CPU
		{0E6E4F1C-FC57-48C8-BF04-D22245691B1E}.Debug|Any CPU.Build.0 = Debug|Any CPU
		{0E6E4F1C-FC57-48C8-BF04-D22245691B1E}.Debug|x64.ActiveCfg = Debug|Any CPU
		{0E6E4F1C-FC57-48C8-BF04-D22245691B1E}.Debug|x64.Build.0 = Debug|Any CPU
		{0E6E4F1C-FC57-48C8-BF04-D22245691B1E}.Debug|x86.ActiveCfg = Debug|Any CPU
		{0E6E4F1C-FC57-48C8-BF04-D22245691B1E}.Debug|x86.Build.0 = Debug|Any CPU
		{0E6E4F1C-FC57-48C8-BF04-D22245691B1E}.Release|Any CPU.ActiveCfg = Release|Any CPU
		{0E6E4F1C-FC57-48C8-BF04-D22245691B1E}.Release|Any CPU.Build.0 = Release|Any CPU
		{0E6E4F1C-FC57-48C8-BF04-D22245691B1E}.Release|x64.ActiveCfg = Release|Any CPU
		{0E6E4F1C-FC57-48C8-BF04-D22245691B1E}.Release|x64.Build.0 = Release|Any CPU
		{0E6E4F1C-FC57-48C8-BF04-D22245691B1E}.Release|x86.ActiveCfg = Release|Any CPU
		{0E6E4F1C-FC57-48C8-BF04-D22245691B1E}.Release|x86.Build.0 = Release|Any CPU
		{05C92F17-4841-4C4E-8E20-89CAC80ECDDE}.Debug|Any CPU.ActiveCfg = Debug|Any CPU
		{05C92F17-4841-4C4E-8E20-89CAC80ECDDE}.Debug|Any CPU.Build.0 = Debug|Any CPU
		{05C92F17-4841-4C4E-8E20-89CAC80ECDDE}.Debug|x64.ActiveCfg = Debug|Any CPU
		{05C92F17-4841-4C4E-8E20-89CAC80ECDDE}.Debug|x64.Build.0 = Debug|Any CPU
		{05C92F17-4841-4C4E-8E20-89CAC80ECDDE}.Debug|x86.ActiveCfg = Debug|Any CPU
		{05C92F17-4841-4C4E-8E20-89CAC80ECDDE}.Debug|x86.Build.0 = Debug|Any CPU
		{05C92F17-4841-4C4E-8E20-89CAC80ECDDE}.Release|Any CPU.ActiveCfg = Release|Any CPU
		{05C92F17-4841-4C4E-8E20-89CAC80ECDDE}.Release|Any CPU.Build.0 = Release|Any CPU
		{05C92F17-4841-4C4E-8E20-89CAC80ECDDE}.Release|x64.ActiveCfg = Release|Any CPU
		{05C92F17-4841-4C4E-8E20-89CAC80ECDDE}.Release|x64.Build.0 = Release|Any CPU
		{05C92F17-4841-4C4E-8E20-89CAC80ECDDE}.Release|x86.ActiveCfg = Release|Any CPU
		{05C92F17-4841-4C4E-8E20-89CAC80ECDDE}.Release|x86.Build.0 = Release|Any CPU
		{DB641059-8F79-4EED-BEEE-30982EE64801}.Debug|Any CPU.ActiveCfg = Debug|Any CPU
		{DB641059-8F79-4EED-BEEE-30982EE64801}.Debug|Any CPU.Build.0 = Debug|Any CPU
		{DB641059-8F79-4EED-BEEE-30982EE64801}.Debug|x64.ActiveCfg = Debug|Any CPU
		{DB641059-8F79-4EED-BEEE-30982EE64801}.Debug|x64.Build.0 = Debug|Any CPU
		{DB641059-8F79-4EED-BEEE-30982EE64801}.Debug|x86.ActiveCfg = Debug|Any CPU
		{DB641059-8F79-4EED-BEEE-30982EE64801}.Debug|x86.Build.0 = Debug|Any CPU
		{DB641059-8F79-4EED-BEEE-30982EE64801}.Release|Any CPU.ActiveCfg = Release|Any CPU
		{DB641059-8F79-4EED-BEEE-30982EE64801}.Release|Any CPU.Build.0 = Release|Any CPU
		{DB641059-8F79-4EED-BEEE-30982EE64801}.Release|x64.ActiveCfg = Release|Any CPU
		{DB641059-8F79-4EED-BEEE-30982EE64801}.Release|x64.Build.0 = Release|Any CPU
		{DB641059-8F79-4EED-BEEE-30982EE64801}.Release|x86.ActiveCfg = Release|Any CPU
		{DB641059-8F79-4EED-BEEE-30982EE64801}.Release|x86.Build.0 = Release|Any CPU
		{8362A85D-011F-489F-93C0-E982FA846D7C}.Debug|Any CPU.ActiveCfg = Debug|Any CPU
		{8362A85D-011F-489F-93C0-E982FA846D7C}.Debug|Any CPU.Build.0 = Debug|Any CPU
		{8362A85D-011F-489F-93C0-E982FA846D7C}.Debug|x64.ActiveCfg = Debug|Any CPU
		{8362A85D-011F-489F-93C0-E982FA846D7C}.Debug|x64.Build.0 = Debug|Any CPU
		{8362A85D-011F-489F-93C0-E982FA846D7C}.Debug|x86.ActiveCfg = Debug|Any CPU
		{8362A85D-011F-489F-93C0-E982FA846D7C}.Debug|x86.Build.0 = Debug|Any CPU
		{8362A85D-011F-489F-93C0-E982FA846D7C}.Release|Any CPU.ActiveCfg = Release|Any CPU
		{8362A85D-011F-489F-93C0-E982FA846D7C}.Release|Any CPU.Build.0 = Release|Any CPU
		{8362A85D-011F-489F-93C0-E982FA846D7C}.Release|x64.ActiveCfg = Release|Any CPU
		{8362A85D-011F-489F-93C0-E982FA846D7C}.Release|x64.Build.0 = Release|Any CPU
		{8362A85D-011F-489F-93C0-E982FA846D7C}.Release|x86.ActiveCfg = Release|Any CPU
		{8362A85D-011F-489F-93C0-E982FA846D7C}.Release|x86.Build.0 = Release|Any CPU
	EndGlobalSection
	GlobalSection(SolutionProperties) = preSolution
		HideSolutionNode = FALSE
	EndGlobalSection
	GlobalSection(NestedProjects) = preSolution
		{170C8928-5784-4B85-B847-D76EC1A181C8} = {827E0CD3-B72D-47B6-A68D-7590B98EB39B}
		{0E6E4F1C-FC57-48C8-BF04-D22245691B1E} = {827E0CD3-B72D-47B6-A68D-7590B98EB39B}
		{05C92F17-4841-4C4E-8E20-89CAC80ECDDE} = {827E0CD3-B72D-47B6-A68D-7590B98EB39B}
		{DB641059-8F79-4EED-BEEE-30982EE64801} = {827E0CD3-B72D-47B6-A68D-7590B98EB39B}
		{8362A85D-011F-489F-93C0-E982FA846D7C} = {827E0CD3-B72D-47B6-A68D-7590B98EB39B}
	EndGlobalSection
	GlobalSection(ExtensibilityGlobals) = postSolution
		SolutionGuid = {19322288-B31A-4748-A4A4-903E20483882}
	EndGlobalSection
EndGlobal
